// !$*UTF8*$!
{
	archiveVersion = 1;
	classes = {
	};
	objectVersion = 56;
	objects = {

/* Begin PBXBuildFile section */
		2C1F62EC2B7F904700C4096A /* TransactionModel.swift in Sources */ = {isa = PBXBuildFile; fileRef = 2C1F62EB2B7F904700C4096A /* TransactionModel.swift */; };
		2C1F62EE2B7F950700C4096A /* UUID.swift in Sources */ = {isa = PBXBuildFile; fileRef = 2C1F62ED2B7F950700C4096A /* UUID.swift */; };
		2C261DD92B931746008378E8 /* ChatsView.swift in Sources */ = {isa = PBXBuildFile; fileRef = 2C261DD82B931746008378E8 /* ChatsView.swift */; };
		2C261DDD2B9326BD008378E8 /* MessageModel.swift in Sources */ = {isa = PBXBuildFile; fileRef = 2C261DDC2B9326BD008378E8 /* MessageModel.swift */; };
		2C261DDF2B932749008378E8 /* UserChatModel.swift in Sources */ = {isa = PBXBuildFile; fileRef = 2C261DDE2B932749008378E8 /* UserChatModel.swift */; };
		2C261DE12B93292C008378E8 /* ChatItemView.swift in Sources */ = {isa = PBXBuildFile; fileRef = 2C261DE02B93292C008378E8 /* ChatItemView.swift */; };
		2C2771892B934C5D00958F7D /* ChatViewModel.swift in Sources */ = {isa = PBXBuildFile; fileRef = 2C2771882B934C5D00958F7D /* ChatViewModel.swift */; };
		2C27718D2B9370D600958F7D /* ChatRiderView.swift in Sources */ = {isa = PBXBuildFile; fileRef = 2C27718C2B9370D600958F7D /* ChatRiderView.swift */; };
		2C2771912B93766E00958F7D /* ChatRiderViewModel.swift in Sources */ = {isa = PBXBuildFile; fileRef = 2C2771902B93766E00958F7D /* ChatRiderViewModel.swift */; };
		2C2771932B93866500958F7D /* LiveMessagesService.swift in Sources */ = {isa = PBXBuildFile; fileRef = 2C2771922B93866500958F7D /* LiveMessagesService.swift */; };
		2C3CD8322B78ED1600DD472F /* NetworkMonitor.swift in Sources */ = {isa = PBXBuildFile; fileRef = 2C3CD8312B78ED1600DD472F /* NetworkMonitor.swift */; };
		2C73A1F92B74DC7C00462EF8 /* SignUpView.swift in Sources */ = {isa = PBXBuildFile; fileRef = 2C73A1F82B74DC7C00462EF8 /* SignUpView.swift */; };
		2C73A1FC2B74DE5200462EF8 /* CustomTextField.swift in Sources */ = {isa = PBXBuildFile; fileRef = 2C73A1FB2B74DE5200462EF8 /* CustomTextField.swift */; };
		2C73A1FF2B74DF6600462EF8 /* MainTextFieldStyle.swift in Sources */ = {isa = PBXBuildFile; fileRef = 2C73A1FE2B74DF6600462EF8 /* MainTextFieldStyle.swift */; };
		2C73A2012B74E46900462EF8 /* CheckBox.swift in Sources */ = {isa = PBXBuildFile; fileRef = 2C73A2002B74E46900462EF8 /* CheckBox.swift */; };
		2C73A2032B74E6FC00462EF8 /* document.pdf in Resources */ = {isa = PBXBuildFile; fileRef = 2C73A2022B74E6FC00462EF8 /* document.pdf */; };
		2C73A2052B74E72E00462EF8 /* PoliticyPDFView.swift in Sources */ = {isa = PBXBuildFile; fileRef = 2C73A2042B74E72E00462EF8 /* PoliticyPDFView.swift */; };
		2C73A20A2B74E96600462EF8 /* String.swift in Sources */ = {isa = PBXBuildFile; fileRef = 2C73A2092B74E96600462EF8 /* String.swift */; };
		2C73A20C2B74EE9F00462EF8 /* Binding.swift in Sources */ = {isa = PBXBuildFile; fileRef = 2C73A20B2B74EE9F00462EF8 /* Binding.swift */; };
		2C73A20F2B74EFEC00462EF8 /* SupabaseManager.swift in Sources */ = {isa = PBXBuildFile; fileRef = 2C73A20E2B74EFEC00462EF8 /* SupabaseManager.swift */; };
		2C73A2132B74F01300462EF8 /* Auth in Frameworks */ = {isa = PBXBuildFile; productRef = 2C73A2122B74F01300462EF8 /* Auth */; };
		2C73A2152B74F01300462EF8 /* Functions in Frameworks */ = {isa = PBXBuildFile; productRef = 2C73A2142B74F01300462EF8 /* Functions */; };
		2C73A2172B74F01300462EF8 /* PostgREST in Frameworks */ = {isa = PBXBuildFile; productRef = 2C73A2162B74F01300462EF8 /* PostgREST */; };
		2C73A2192B74F01300462EF8 /* Realtime in Frameworks */ = {isa = PBXBuildFile; productRef = 2C73A2182B74F01300462EF8 /* Realtime */; };
		2C73A21B2B74F01300462EF8 /* Storage in Frameworks */ = {isa = PBXBuildFile; productRef = 2C73A21A2B74F01300462EF8 /* Storage */; };
		2C73A21D2B74F01300462EF8 /* Supabase in Frameworks */ = {isa = PBXBuildFile; productRef = 2C73A21C2B74F01300462EF8 /* Supabase */; };
		2C73A2212B74F1BF00462EF8 /* LogInView.swift in Sources */ = {isa = PBXBuildFile; fileRef = 2C73A2202B74F1BF00462EF8 /* LogInView.swift */; };
		2C73A2252B75100300462EF8 /* ForgotPasswordView.swift in Sources */ = {isa = PBXBuildFile; fileRef = 2C73A2242B75100300462EF8 /* ForgotPasswordView.swift */; };
		2C73A22C2B7511AE00462EF8 /* HomeView.swift in Sources */ = {isa = PBXBuildFile; fileRef = 2C73A22B2B7511AE00462EF8 /* HomeView.swift */; };
		2C73A22E2B75128100462EF8 /* KeyChainManager.swift in Sources */ = {isa = PBXBuildFile; fileRef = 2C73A22D2B75128100462EF8 /* KeyChainManager.swift */; };
		2C73A2322B75174B00462EF8 /* OTPVerificationView.swift in Sources */ = {isa = PBXBuildFile; fileRef = 2C73A2312B75174B00462EF8 /* OTPVerificationView.swift */; };
		2C73A2362B751D4900462EF8 /* NewPasswordView.swift in Sources */ = {isa = PBXBuildFile; fileRef = 2C73A2352B751D4900462EF8 /* NewPasswordView.swift */; };
		2C9224052B81BBD400EE1BBB /* WalletView.swift in Sources */ = {isa = PBXBuildFile; fileRef = 2C9224042B81BBD400EE1BBB /* WalletView.swift */; };
		2C9224092B81CCA400EE1BBB /* OrderModel.swift in Sources */ = {isa = PBXBuildFile; fileRef = 2C9224082B81CCA400EE1BBB /* OrderModel.swift */; };
		2C92240B2B81FA7400EE1BBB /* StatusModel.swift in Sources */ = {isa = PBXBuildFile; fileRef = 2C92240A2B81FA7400EE1BBB /* StatusModel.swift */; };
		2CBB73A92B73335A003077DD /* RediExpressApp.swift in Sources */ = {isa = PBXBuildFile; fileRef = 2CBB73A82B73335A003077DD /* RediExpressApp.swift */; };
		2CBB73AD2B73335B003077DD /* Assets.xcassets in Resources */ = {isa = PBXBuildFile; fileRef = 2CBB73AC2B73335B003077DD /* Assets.xcassets */; };
		2CBB73B02B73335B003077DD /* Preview Assets.xcassets in Resources */ = {isa = PBXBuildFile; fileRef = 2CBB73AF2B73335B003077DD /* Preview Assets.xcassets */; };
		2CBB73BA2B7333FD003077DD /* LaunchScreen.storyboard in Resources */ = {isa = PBXBuildFile; fileRef = 2CBB73B92B7333FD003077DD /* LaunchScreen.storyboard */; };
		2CBB73BE2B73385C003077DD /* OnboardingView.swift in Sources */ = {isa = PBXBuildFile; fileRef = 2CBB73BD2B73385C003077DD /* OnboardingView.swift */; };
		2CBB73CD2B733949003077DD /* Roboto-ThinItalic.ttf in Resources */ = {isa = PBXBuildFile; fileRef = 2CBB73C12B733948003077DD /* Roboto-ThinItalic.ttf */; };
		2CBB73CE2B733949003077DD /* Roboto-MediumItalic.ttf in Resources */ = {isa = PBXBuildFile; fileRef = 2CBB73C22B733948003077DD /* Roboto-MediumItalic.ttf */; };
		2CBB73CF2B733949003077DD /* Roboto-Italic.ttf in Resources */ = {isa = PBXBuildFile; fileRef = 2CBB73C32B733948003077DD /* Roboto-Italic.ttf */; };
		2CBB73D02B733949003077DD /* Roboto-Bold.ttf in Resources */ = {isa = PBXBuildFile; fileRef = 2CBB73C42B733948003077DD /* Roboto-Bold.ttf */; };
		2CBB73D12B733949003077DD /* Roboto-Medium.ttf in Resources */ = {isa = PBXBuildFile; fileRef = 2CBB73C52B733948003077DD /* Roboto-Medium.ttf */; };
		2CBB73D22B733949003077DD /* Roboto-Black.ttf in Resources */ = {isa = PBXBuildFile; fileRef = 2CBB73C62B733948003077DD /* Roboto-Black.ttf */; };
		2CBB73D32B733949003077DD /* Roboto-LightItalic.ttf in Resources */ = {isa = PBXBuildFile; fileRef = 2CBB73C72B733948003077DD /* Roboto-LightItalic.ttf */; };
		2CBB73D42B733949003077DD /* Roboto-Regular.ttf in Resources */ = {isa = PBXBuildFile; fileRef = 2CBB73C82B733948003077DD /* Roboto-Regular.ttf */; };
		2CBB73D52B733949003077DD /* Roboto-BoldItalic.ttf in Resources */ = {isa = PBXBuildFile; fileRef = 2CBB73C92B733949003077DD /* Roboto-BoldItalic.ttf */; };
		2CBB73D62B733949003077DD /* Roboto-Thin.ttf in Resources */ = {isa = PBXBuildFile; fileRef = 2CBB73CA2B733949003077DD /* Roboto-Thin.ttf */; };
		2CBB73D72B733949003077DD /* Roboto-Light.ttf in Resources */ = {isa = PBXBuildFile; fileRef = 2CBB73CB2B733949003077DD /* Roboto-Light.ttf */; };
		2CBB73D82B733949003077DD /* Roboto-BlackItalic.ttf in Resources */ = {isa = PBXBuildFile; fileRef = 2CBB73CC2B733949003077DD /* Roboto-BlackItalic.ttf */; };
		2CBB73DB2B7339D1003077DD /* OnboardingTopView.swift in Sources */ = {isa = PBXBuildFile; fileRef = 2CBB73DA2B7339D1003077DD /* OnboardingTopView.swift */; };
		2CBB73DE2B733A64003077DD /* View.swift in Sources */ = {isa = PBXBuildFile; fileRef = 2CBB73DD2B733A64003077DD /* View.swift */; };
		2CBB73E22B733C3C003077DD /* PrimaryButtonStyle.swift in Sources */ = {isa = PBXBuildFile; fileRef = 2CBB73E12B733C3C003077DD /* PrimaryButtonStyle.swift */; };
		2CBB73E42B733D33003077DD /* SecondaryButtonStyle.swift in Sources */ = {isa = PBXBuildFile; fileRef = 2CBB73E32B733D33003077DD /* SecondaryButtonStyle.swift */; };
		2CBB73E72B733E4E003077DD /* Constants.swift in Sources */ = {isa = PBXBuildFile; fileRef = 2CBB73E62B733E4E003077DD /* Constants.swift */; };
		2CBB73EA2B733E67003077DD /* QueueItemModel.swift in Sources */ = {isa = PBXBuildFile; fileRef = 2CBB73E92B733E67003077DD /* QueueItemModel.swift */; };
		2CBB73ED2B73402A003077DD /* ViewModel.swift in Sources */ = {isa = PBXBuildFile; fileRef = 2CBB73EC2B73402A003077DD /* ViewModel.swift */; };
		2CBB73F12B7340EA003077DD /* HolderView.swift in Sources */ = {isa = PBXBuildFile; fileRef = 2CBB73F02B7340EA003077DD /* HolderView.swift */; };
		2CBB73F92B7341C3003077DD /* RediExpress_Tests.swift in Sources */ = {isa = PBXBuildFile; fileRef = 2CBB73F82B7341C3003077DD /* RediExpress_Tests.swift */; };
		2CBB74002B7341EB003077DD /* OnboardingViewModel_Tests.swift in Sources */ = {isa = PBXBuildFile; fileRef = 2CBB73FF2B7341EB003077DD /* OnboardingViewModel_Tests.swift */; };
		2CBCCBA32B7A302B00CD893A /* ProfileView.swift in Sources */ = {isa = PBXBuildFile; fileRef = 2CBCCBA22B7A302B00CD893A /* ProfileView.swift */; };
		2CBCCBA52B7A305D00CD893A /* HeaderView.swift in Sources */ = {isa = PBXBuildFile; fileRef = 2CBCCBA42B7A305D00CD893A /* HeaderView.swift */; };
		2CBCCBA72B7A4D9A00CD893A /* UserInfoModel.swift in Sources */ = {isa = PBXBuildFile; fileRef = 2CBCCBA62B7A4D9A00CD893A /* UserInfoModel.swift */; };
		2CBCCBAB2B7A66C400CD893A /* AddPaymentView.swift in Sources */ = {isa = PBXBuildFile; fileRef = 2CBCCBAA2B7A66C400CD893A /* AddPaymentView.swift */; };
		2CBCCBAF2B7A69A800CD893A /* NotificationView.swift in Sources */ = {isa = PBXBuildFile; fileRef = 2CBCCBAE2B7A69A800CD893A /* NotificationView.swift */; };
		2CBCCBB52B7A6E5F00CD893A /* SendPackage.swift in Sources */ = {isa = PBXBuildFile; fileRef = 2CBCCBB42B7A6E5F00CD893A /* SendPackage.swift */; };
		2CBCCBB72B7A6EE100CD893A /* ShadowTextFieldStyle.swift in Sources */ = {isa = PBXBuildFile; fileRef = 2CBCCBB62B7A6EE100CD893A /* ShadowTextFieldStyle.swift */; };
		2CBCCBB92B7A7C9500CD893A /* PackageModel.swift in Sources */ = {isa = PBXBuildFile; fileRef = 2CBCCBB82B7A7C9500CD893A /* PackageModel.swift */; };
		2CBCCBBD2B7A7FE100CD893A /* ReceiptView.swift in Sources */ = {isa = PBXBuildFile; fileRef = 2CBCCBBC2B7A7FE100CD893A /* ReceiptView.swift */; };
		2CBCCBC12B7A857000CD893A /* TrackingPackageView.swift in Sources */ = {isa = PBXBuildFile; fileRef = 2CBCCBC02B7A857000CD893A /* TrackingPackageView.swift */; };
		2CBCCBC52B7B2F1A00CD893A /* TransactionView.swift in Sources */ = {isa = PBXBuildFile; fileRef = 2CBCCBC42B7B2F1A00CD893A /* TransactionView.swift */; };
		2CBCCBC72B7B3B3900CD893A /* LocationManager.swift in Sources */ = {isa = PBXBuildFile; fileRef = 2CBCCBC62B7B3B3900CD893A /* LocationManager.swift */; };
		2CCD7C5F2B735280005A4A45 /* UserDefaultsKeys.swift in Sources */ = {isa = PBXBuildFile; fileRef = 2CCD7C5E2B735280005A4A45 /* UserDefaultsKeys.swift */; };
		2CDC1E9D2B822516009A9DC0 /* TrackingViewModel.swift in Sources */ = {isa = PBXBuildFile; fileRef = 2CDC1E9C2B822516009A9DC0 /* TrackingViewModel.swift */; };
		2CDC1EA12B8239C6009A9DC0 /* DeliverySuccessView.swift in Sources */ = {isa = PBXBuildFile; fileRef = 2CDC1EA02B8239C6009A9DC0 /* DeliverySuccessView.swift */; };
		2CDC1EA32B823CD8009A9DC0 /* DeviceMotionMonitor.swift in Sources */ = {isa = PBXBuildFile; fileRef = 2CDC1EA22B823CD8009A9DC0 /* DeviceMotionMonitor.swift */; };
		2CDC1EA52B823EB5009A9DC0 /* FeedbackModel.swift in Sources */ = {isa = PBXBuildFile; fileRef = 2CDC1EA42B823EB5009A9DC0 /* FeedbackModel.swift */; };
/* End PBXBuildFile section */

/* Begin PBXContainerItemProxy section */
		2CBB73FA2B7341C3003077DD /* PBXContainerItemProxy */ = {
			isa = PBXContainerItemProxy;
			containerPortal = 2CBB739D2B73335A003077DD /* Project object */;
			proxyType = 1;
			remoteGlobalIDString = 2CBB73A42B73335A003077DD;
			remoteInfo = RediExpress;
		};
/* End PBXContainerItemProxy section */

/* Begin PBXFileReference section */
		2C1F62EB2B7F904700C4096A /* TransactionModel.swift */ = {isa = PBXFileReference; lastKnownFileType = sourcecode.swift; path = TransactionModel.swift; sourceTree = "<group>"; };
		2C1F62ED2B7F950700C4096A /* UUID.swift */ = {isa = PBXFileReference; lastKnownFileType = sourcecode.swift; path = UUID.swift; sourceTree = "<group>"; };
		2C261DD82B931746008378E8 /* ChatsView.swift */ = {isa = PBXFileReference; lastKnownFileType = sourcecode.swift; path = ChatsView.swift; sourceTree = "<group>"; };
		2C261DDC2B9326BD008378E8 /* MessageModel.swift */ = {isa = PBXFileReference; lastKnownFileType = sourcecode.swift; path = MessageModel.swift; sourceTree = "<group>"; };
		2C261DDE2B932749008378E8 /* UserChatModel.swift */ = {isa = PBXFileReference; lastKnownFileType = sourcecode.swift; path = UserChatModel.swift; sourceTree = "<group>"; };
		2C261DE02B93292C008378E8 /* ChatItemView.swift */ = {isa = PBXFileReference; lastKnownFileType = sourcecode.swift; path = ChatItemView.swift; sourceTree = "<group>"; };
		2C2771882B934C5D00958F7D /* ChatViewModel.swift */ = {isa = PBXFileReference; lastKnownFileType = sourcecode.swift; path = ChatViewModel.swift; sourceTree = "<group>"; };
		2C27718C2B9370D600958F7D /* ChatRiderView.swift */ = {isa = PBXFileReference; lastKnownFileType = sourcecode.swift; path = ChatRiderView.swift; sourceTree = "<group>"; };
		2C2771902B93766E00958F7D /* ChatRiderViewModel.swift */ = {isa = PBXFileReference; lastKnownFileType = sourcecode.swift; path = ChatRiderViewModel.swift; sourceTree = "<group>"; };
		2C2771922B93866500958F7D /* LiveMessagesService.swift */ = {isa = PBXFileReference; lastKnownFileType = sourcecode.swift; path = LiveMessagesService.swift; sourceTree = "<group>"; };
		2C3CD8312B78ED1600DD472F /* NetworkMonitor.swift */ = {isa = PBXFileReference; lastKnownFileType = sourcecode.swift; path = NetworkMonitor.swift; sourceTree = "<group>"; };
		2C73A1F82B74DC7C00462EF8 /* SignUpView.swift */ = {isa = PBXFileReference; lastKnownFileType = sourcecode.swift; path = SignUpView.swift; sourceTree = "<group>"; };
		2C73A1FB2B74DE5200462EF8 /* CustomTextField.swift */ = {isa = PBXFileReference; lastKnownFileType = sourcecode.swift; path = CustomTextField.swift; sourceTree = "<group>"; };
		2C73A1FE2B74DF6600462EF8 /* MainTextFieldStyle.swift */ = {isa = PBXFileReference; lastKnownFileType = sourcecode.swift; path = MainTextFieldStyle.swift; sourceTree = "<group>"; };
		2C73A2002B74E46900462EF8 /* CheckBox.swift */ = {isa = PBXFileReference; lastKnownFileType = sourcecode.swift; path = CheckBox.swift; sourceTree = "<group>"; };
		2C73A2022B74E6FC00462EF8 /* document.pdf */ = {isa = PBXFileReference; lastKnownFileType = image.pdf; path = document.pdf; sourceTree = "<group>"; };
		2C73A2042B74E72E00462EF8 /* PoliticyPDFView.swift */ = {isa = PBXFileReference; lastKnownFileType = sourcecode.swift; path = PoliticyPDFView.swift; sourceTree = "<group>"; };
		2C73A2092B74E96600462EF8 /* String.swift */ = {isa = PBXFileReference; lastKnownFileType = sourcecode.swift; path = String.swift; sourceTree = "<group>"; };
		2C73A20B2B74EE9F00462EF8 /* Binding.swift */ = {isa = PBXFileReference; lastKnownFileType = sourcecode.swift; path = Binding.swift; sourceTree = "<group>"; };
		2C73A20E2B74EFEC00462EF8 /* SupabaseManager.swift */ = {isa = PBXFileReference; lastKnownFileType = sourcecode.swift; path = SupabaseManager.swift; sourceTree = "<group>"; };
		2C73A2202B74F1BF00462EF8 /* LogInView.swift */ = {isa = PBXFileReference; lastKnownFileType = sourcecode.swift; path = LogInView.swift; sourceTree = "<group>"; };
		2C73A2242B75100300462EF8 /* ForgotPasswordView.swift */ = {isa = PBXFileReference; lastKnownFileType = sourcecode.swift; path = ForgotPasswordView.swift; sourceTree = "<group>"; };
		2C73A22B2B7511AE00462EF8 /* HomeView.swift */ = {isa = PBXFileReference; lastKnownFileType = sourcecode.swift; path = HomeView.swift; sourceTree = "<group>"; };
		2C73A22D2B75128100462EF8 /* KeyChainManager.swift */ = {isa = PBXFileReference; lastKnownFileType = sourcecode.swift; path = KeyChainManager.swift; sourceTree = "<group>"; };
		2C73A2312B75174B00462EF8 /* OTPVerificationView.swift */ = {isa = PBXFileReference; lastKnownFileType = sourcecode.swift; path = OTPVerificationView.swift; sourceTree = "<group>"; };
		2C73A2352B751D4900462EF8 /* NewPasswordView.swift */ = {isa = PBXFileReference; lastKnownFileType = sourcecode.swift; path = NewPasswordView.swift; sourceTree = "<group>"; };
		2C9224042B81BBD400EE1BBB /* WalletView.swift */ = {isa = PBXFileReference; lastKnownFileType = sourcecode.swift; path = WalletView.swift; sourceTree = "<group>"; };
		2C9224082B81CCA400EE1BBB /* OrderModel.swift */ = {isa = PBXFileReference; lastKnownFileType = sourcecode.swift; path = OrderModel.swift; sourceTree = "<group>"; };
		2C92240A2B81FA7400EE1BBB /* StatusModel.swift */ = {isa = PBXFileReference; lastKnownFileType = sourcecode.swift; path = StatusModel.swift; sourceTree = "<group>"; };
		2CBB73A52B73335A003077DD /* RediExpress.app */ = {isa = PBXFileReference; explicitFileType = wrapper.application; includeInIndex = 0; path = RediExpress.app; sourceTree = BUILT_PRODUCTS_DIR; };
		2CBB73A82B73335A003077DD /* RediExpressApp.swift */ = {isa = PBXFileReference; lastKnownFileType = sourcecode.swift; path = RediExpressApp.swift; sourceTree = "<group>"; };
		2CBB73AC2B73335B003077DD /* Assets.xcassets */ = {isa = PBXFileReference; lastKnownFileType = folder.assetcatalog; path = Assets.xcassets; sourceTree = "<group>"; };
		2CBB73AF2B73335B003077DD /* Preview Assets.xcassets */ = {isa = PBXFileReference; lastKnownFileType = folder.assetcatalog; path = "Preview Assets.xcassets"; sourceTree = "<group>"; };
		2CBB73B92B7333FD003077DD /* LaunchScreen.storyboard */ = {isa = PBXFileReference; lastKnownFileType = file.storyboard; path = LaunchScreen.storyboard; sourceTree = "<group>"; };
		2CBB73BD2B73385C003077DD /* OnboardingView.swift */ = {isa = PBXFileReference; lastKnownFileType = sourcecode.swift; path = OnboardingView.swift; sourceTree = "<group>"; };
		2CBB73C12B733948003077DD /* Roboto-ThinItalic.ttf */ = {isa = PBXFileReference; lastKnownFileType = file; path = "Roboto-ThinItalic.ttf"; sourceTree = "<group>"; };
		2CBB73C22B733948003077DD /* Roboto-MediumItalic.ttf */ = {isa = PBXFileReference; lastKnownFileType = file; path = "Roboto-MediumItalic.ttf"; sourceTree = "<group>"; };
		2CBB73C32B733948003077DD /* Roboto-Italic.ttf */ = {isa = PBXFileReference; lastKnownFileType = file; path = "Roboto-Italic.ttf"; sourceTree = "<group>"; };
		2CBB73C42B733948003077DD /* Roboto-Bold.ttf */ = {isa = PBXFileReference; lastKnownFileType = file; path = "Roboto-Bold.ttf"; sourceTree = "<group>"; };
		2CBB73C52B733948003077DD /* Roboto-Medium.ttf */ = {isa = PBXFileReference; lastKnownFileType = file; path = "Roboto-Medium.ttf"; sourceTree = "<group>"; };
		2CBB73C62B733948003077DD /* Roboto-Black.ttf */ = {isa = PBXFileReference; lastKnownFileType = file; path = "Roboto-Black.ttf"; sourceTree = "<group>"; };
		2CBB73C72B733948003077DD /* Roboto-LightItalic.ttf */ = {isa = PBXFileReference; lastKnownFileType = file; path = "Roboto-LightItalic.ttf"; sourceTree = "<group>"; };
		2CBB73C82B733948003077DD /* Roboto-Regular.ttf */ = {isa = PBXFileReference; lastKnownFileType = file; path = "Roboto-Regular.ttf"; sourceTree = "<group>"; };
		2CBB73C92B733949003077DD /* Roboto-BoldItalic.ttf */ = {isa = PBXFileReference; lastKnownFileType = file; path = "Roboto-BoldItalic.ttf"; sourceTree = "<group>"; };
		2CBB73CA2B733949003077DD /* Roboto-Thin.ttf */ = {isa = PBXFileReference; lastKnownFileType = file; path = "Roboto-Thin.ttf"; sourceTree = "<group>"; };
		2CBB73CB2B733949003077DD /* Roboto-Light.ttf */ = {isa = PBXFileReference; lastKnownFileType = file; path = "Roboto-Light.ttf"; sourceTree = "<group>"; };
		2CBB73CC2B733949003077DD /* Roboto-BlackItalic.ttf */ = {isa = PBXFileReference; lastKnownFileType = file; path = "Roboto-BlackItalic.ttf"; sourceTree = "<group>"; };
		2CBB73D92B73395F003077DD /* Info.plist */ = {isa = PBXFileReference; lastKnownFileType = text.plist; path = Info.plist; sourceTree = "<group>"; };
		2CBB73DA2B7339D1003077DD /* OnboardingTopView.swift */ = {isa = PBXFileReference; lastKnownFileType = sourcecode.swift; path = OnboardingTopView.swift; sourceTree = "<group>"; };
		2CBB73DD2B733A64003077DD /* View.swift */ = {isa = PBXFileReference; lastKnownFileType = sourcecode.swift; path = View.swift; sourceTree = "<group>"; };
		2CBB73E12B733C3C003077DD /* PrimaryButtonStyle.swift */ = {isa = PBXFileReference; lastKnownFileType = sourcecode.swift; path = PrimaryButtonStyle.swift; sourceTree = "<group>"; };
		2CBB73E32B733D33003077DD /* SecondaryButtonStyle.swift */ = {isa = PBXFileReference; lastKnownFileType = sourcecode.swift; path = SecondaryButtonStyle.swift; sourceTree = "<group>"; };
		2CBB73E62B733E4E003077DD /* Constants.swift */ = {isa = PBXFileReference; lastKnownFileType = sourcecode.swift; path = Constants.swift; sourceTree = "<group>"; };
		2CBB73E92B733E67003077DD /* QueueItemModel.swift */ = {isa = PBXFileReference; lastKnownFileType = sourcecode.swift; path = QueueItemModel.swift; sourceTree = "<group>"; };
		2CBB73EC2B73402A003077DD /* ViewModel.swift */ = {isa = PBXFileReference; lastKnownFileType = sourcecode.swift; path = ViewModel.swift; sourceTree = "<group>"; };
		2CBB73F02B7340EA003077DD /* HolderView.swift */ = {isa = PBXFileReference; lastKnownFileType = sourcecode.swift; path = HolderView.swift; sourceTree = "<group>"; };
		2CBB73F62B7341C3003077DD /* RediExpress_Tests.xctest */ = {isa = PBXFileReference; explicitFileType = wrapper.cfbundle; includeInIndex = 0; path = RediExpress_Tests.xctest; sourceTree = BUILT_PRODUCTS_DIR; };
		2CBB73F82B7341C3003077DD /* RediExpress_Tests.swift */ = {isa = PBXFileReference; lastKnownFileType = sourcecode.swift; path = RediExpress_Tests.swift; sourceTree = "<group>"; };
		2CBB73FF2B7341EB003077DD /* OnboardingViewModel_Tests.swift */ = {isa = PBXFileReference; lastKnownFileType = sourcecode.swift; path = OnboardingViewModel_Tests.swift; sourceTree = "<group>"; };
		2CBCCBA22B7A302B00CD893A /* ProfileView.swift */ = {isa = PBXFileReference; lastKnownFileType = sourcecode.swift; path = ProfileView.swift; sourceTree = "<group>"; };
		2CBCCBA42B7A305D00CD893A /* HeaderView.swift */ = {isa = PBXFileReference; lastKnownFileType = sourcecode.swift; path = HeaderView.swift; sourceTree = "<group>"; };
		2CBCCBA62B7A4D9A00CD893A /* UserInfoModel.swift */ = {isa = PBXFileReference; lastKnownFileType = sourcecode.swift; path = UserInfoModel.swift; sourceTree = "<group>"; };
		2CBCCBAA2B7A66C400CD893A /* AddPaymentView.swift */ = {isa = PBXFileReference; lastKnownFileType = sourcecode.swift; path = AddPaymentView.swift; sourceTree = "<group>"; };
		2CBCCBAE2B7A69A800CD893A /* NotificationView.swift */ = {isa = PBXFileReference; lastKnownFileType = sourcecode.swift; path = NotificationView.swift; sourceTree = "<group>"; };
		2CBCCBB42B7A6E5F00CD893A /* SendPackage.swift */ = {isa = PBXFileReference; lastKnownFileType = sourcecode.swift; path = SendPackage.swift; sourceTree = "<group>"; };
		2CBCCBB62B7A6EE100CD893A /* ShadowTextFieldStyle.swift */ = {isa = PBXFileReference; lastKnownFileType = sourcecode.swift; path = ShadowTextFieldStyle.swift; sourceTree = "<group>"; };
		2CBCCBB82B7A7C9500CD893A /* PackageModel.swift */ = {isa = PBXFileReference; lastKnownFileType = sourcecode.swift; path = PackageModel.swift; sourceTree = "<group>"; };
		2CBCCBBC2B7A7FE100CD893A /* ReceiptView.swift */ = {isa = PBXFileReference; lastKnownFileType = sourcecode.swift; path = ReceiptView.swift; sourceTree = "<group>"; };
		2CBCCBC02B7A857000CD893A /* TrackingPackageView.swift */ = {isa = PBXFileReference; lastKnownFileType = sourcecode.swift; path = TrackingPackageView.swift; sourceTree = "<group>"; };
		2CBCCBC42B7B2F1A00CD893A /* TransactionView.swift */ = {isa = PBXFileReference; lastKnownFileType = sourcecode.swift; path = TransactionView.swift; sourceTree = "<group>"; };
		2CBCCBC62B7B3B3900CD893A /* LocationManager.swift */ = {isa = PBXFileReference; lastKnownFileType = sourcecode.swift; path = LocationManager.swift; sourceTree = "<group>"; };
		2CCD7C5E2B735280005A4A45 /* UserDefaultsKeys.swift */ = {isa = PBXFileReference; lastKnownFileType = sourcecode.swift; path = UserDefaultsKeys.swift; sourceTree = "<group>"; };
		2CDC1E9C2B822516009A9DC0 /* TrackingViewModel.swift */ = {isa = PBXFileReference; lastKnownFileType = sourcecode.swift; path = TrackingViewModel.swift; sourceTree = "<group>"; };
		2CDC1EA02B8239C6009A9DC0 /* DeliverySuccessView.swift */ = {isa = PBXFileReference; lastKnownFileType = sourcecode.swift; path = DeliverySuccessView.swift; sourceTree = "<group>"; };
		2CDC1EA22B823CD8009A9DC0 /* DeviceMotionMonitor.swift */ = {isa = PBXFileReference; lastKnownFileType = sourcecode.swift; path = DeviceMotionMonitor.swift; sourceTree = "<group>"; };
		2CDC1EA42B823EB5009A9DC0 /* FeedbackModel.swift */ = {isa = PBXFileReference; lastKnownFileType = sourcecode.swift; path = FeedbackModel.swift; sourceTree = "<group>"; };
/* End PBXFileReference section */

/* Begin PBXFrameworksBuildPhase section */
		2CBB73A22B73335A003077DD /* Frameworks */ = {
			isa = PBXFrameworksBuildPhase;
			buildActionMask = 2147483647;
			files = (
				2C73A2172B74F01300462EF8 /* PostgREST in Frameworks */,
				2C73A2152B74F01300462EF8 /* Functions in Frameworks */,
				2C73A21D2B74F01300462EF8 /* Supabase in Frameworks */,
				2C73A2132B74F01300462EF8 /* Auth in Frameworks */,
				2C73A21B2B74F01300462EF8 /* Storage in Frameworks */,
				2C73A2192B74F01300462EF8 /* Realtime in Frameworks */,
			);
			runOnlyForDeploymentPostprocessing = 0;
		};
		2CBB73F32B7341C3003077DD /* Frameworks */ = {
			isa = PBXFrameworksBuildPhase;
			buildActionMask = 2147483647;
			files = (
			);
			runOnlyForDeploymentPostprocessing = 0;
		};
/* End PBXFrameworksBuildPhase section */

/* Begin PBXGroup section */
		2C261DD52B931720008378E8 /* Chats */ = {
			isa = PBXGroup;
			children = (
				2C261DD72B93172D008378E8 /* ViewModels */,
				2C261DD62B931729008378E8 /* Views */,
			);
			path = Chats;
			sourceTree = "<group>";
		};
		2C261DD62B931729008378E8 /* Views */ = {
			isa = PBXGroup;
			children = (
				2C261DD82B931746008378E8 /* ChatsView.swift */,
				2C261DE02B93292C008378E8 /* ChatItemView.swift */,
			);
			path = Views;
			sourceTree = "<group>";
		};
		2C261DD72B93172D008378E8 /* ViewModels */ = {
			isa = PBXGroup;
			children = (
				2C2771882B934C5D00958F7D /* ChatViewModel.swift */,
			);
			path = ViewModels;
			sourceTree = "<group>";
		};
		2C27718A2B9370C600958F7D /* ChatRider */ = {
			isa = PBXGroup;
			children = (
				2C27718B2B9370CC00958F7D /* Views */,
				2C27718F2B93766100958F7D /* ViewModels */,
			);
			path = ChatRider;
			sourceTree = "<group>";
		};
		2C27718B2B9370CC00958F7D /* Views */ = {
			isa = PBXGroup;
			children = (
				2C27718C2B9370D600958F7D /* ChatRiderView.swift */,
			);
			path = Views;
			sourceTree = "<group>";
		};
		2C27718F2B93766100958F7D /* ViewModels */ = {
			isa = PBXGroup;
			children = (
				2C2771902B93766E00958F7D /* ChatRiderViewModel.swift */,
			);
			path = ViewModels;
			sourceTree = "<group>";
		};
		2C73A1F62B74DC6100462EF8 /* SignUp */ = {
			isa = PBXGroup;
			children = (
				2C73A1F72B74DC7000462EF8 /* Views */,
			);
			path = SignUp;
			sourceTree = "<group>";
		};
		2C73A1F72B74DC7000462EF8 /* Views */ = {
			isa = PBXGroup;
			children = (
				2C73A1F82B74DC7C00462EF8 /* SignUpView.swift */,
			);
			path = Views;
			sourceTree = "<group>";
		};
		2C73A1FA2B74DE3E00462EF8 /* Components */ = {
			isa = PBXGroup;
			children = (
				2C73A1FB2B74DE5200462EF8 /* CustomTextField.swift */,
				2C73A2002B74E46900462EF8 /* CheckBox.swift */,
				2C73A2042B74E72E00462EF8 /* PoliticyPDFView.swift */,
				2CBCCBA42B7A305D00CD893A /* HeaderView.swift */,
			);
			path = Components;
			sourceTree = "<group>";
		};
		2C73A1FD2B74DF5800462EF8 /* TextFieldStyles */ = {
			isa = PBXGroup;
			children = (
				2C73A1FE2B74DF6600462EF8 /* MainTextFieldStyle.swift */,
				2CBCCBB62B7A6EE100CD893A /* ShadowTextFieldStyle.swift */,
			);
			path = TextFieldStyles;
			sourceTree = "<group>";
		};
		2C73A20D2B74EFDC00462EF8 /* Utils */ = {
			isa = PBXGroup;
			children = (
				2C73A20E2B74EFEC00462EF8 /* SupabaseManager.swift */,
				2CDC1EA22B823CD8009A9DC0 /* DeviceMotionMonitor.swift */,
				2CBCCBC62B7B3B3900CD893A /* LocationManager.swift */,
				2C2771922B93866500958F7D /* LiveMessagesService.swift */,
				2C73A22D2B75128100462EF8 /* KeyChainManager.swift */,
				2C3CD8312B78ED1600DD472F /* NetworkMonitor.swift */,
			);
			path = Utils;
			sourceTree = "<group>";
		};
		2C73A2112B74F01300462EF8 /* Frameworks */ = {
			isa = PBXGroup;
			children = (
			);
			name = Frameworks;
			sourceTree = "<group>";
		};
		2C73A21E2B74F1A900462EF8 /* LogInView */ = {
			isa = PBXGroup;
			children = (
				2C73A21F2B74F1B400462EF8 /* Views */,
			);
			path = LogInView;
			sourceTree = "<group>";
		};
		2C73A21F2B74F1B400462EF8 /* Views */ = {
			isa = PBXGroup;
			children = (
				2C73A2202B74F1BF00462EF8 /* LogInView.swift */,
			);
			path = Views;
			sourceTree = "<group>";
		};
		2C73A2222B750FF100462EF8 /* ForgotPassword */ = {
			isa = PBXGroup;
			children = (
				2C73A2232B750FF900462EF8 /* Views */,
			);
			path = ForgotPassword;
			sourceTree = "<group>";
		};
		2C73A2232B750FF900462EF8 /* Views */ = {
			isa = PBXGroup;
			children = (
				2C73A2242B75100300462EF8 /* ForgotPasswordView.swift */,
			);
			path = Views;
			sourceTree = "<group>";
		};
		2C73A2292B7511A000462EF8 /* Home */ = {
			isa = PBXGroup;
			children = (
				2C73A22A2B7511A300462EF8 /* Views */,
			);
			path = Home;
			sourceTree = "<group>";
		};
		2C73A22A2B7511A300462EF8 /* Views */ = {
			isa = PBXGroup;
			children = (
				2C73A22B2B7511AE00462EF8 /* HomeView.swift */,
			);
			path = Views;
			sourceTree = "<group>";
		};
		2C73A22F2B75173300462EF8 /* OTPVerification */ = {
			isa = PBXGroup;
			children = (
				2C73A2302B75174100462EF8 /* Views */,
			);
			path = OTPVerification;
			sourceTree = "<group>";
		};
		2C73A2302B75174100462EF8 /* Views */ = {
			isa = PBXGroup;
			children = (
				2C73A2312B75174B00462EF8 /* OTPVerificationView.swift */,
			);
			path = Views;
			sourceTree = "<group>";
		};
		2C73A2332B751D2700462EF8 /* NewPassword */ = {
			isa = PBXGroup;
			children = (
				2C73A2342B751D3E00462EF8 /* Views */,
			);
			path = NewPassword;
			sourceTree = "<group>";
		};
		2C73A2342B751D3E00462EF8 /* Views */ = {
			isa = PBXGroup;
			children = (
				2C73A2352B751D4900462EF8 /* NewPasswordView.swift */,
			);
			path = Views;
			sourceTree = "<group>";
		};
		2C9224022B81BBC500EE1BBB /* Wallet */ = {
			isa = PBXGroup;
			children = (
				2C9224032B81BBCA00EE1BBB /* Views */,
			);
			path = Wallet;
			sourceTree = "<group>";
		};
		2C9224032B81BBCA00EE1BBB /* Views */ = {
			isa = PBXGroup;
			children = (
				2C9224042B81BBD400EE1BBB /* WalletView.swift */,
			);
			path = Views;
			sourceTree = "<group>";
		};
		2CBB739C2B73335A003077DD = {
			isa = PBXGroup;
			children = (
				2CBB73A72B73335A003077DD /* RediExpress */,
				2CBB73F72B7341C3003077DD /* RediExpress_Tests */,
				2CBB73A62B73335A003077DD /* Products */,
				2C73A2112B74F01300462EF8 /* Frameworks */,
			);
			sourceTree = "<group>";
		};
		2CBB73A62B73335A003077DD /* Products */ = {
			isa = PBXGroup;
			children = (
				2CBB73A52B73335A003077DD /* RediExpress.app */,
				2CBB73F62B7341C3003077DD /* RediExpress_Tests.xctest */,
			);
			name = Products;
			sourceTree = "<group>";
		};
		2CBB73A72B73335A003077DD /* RediExpress */ = {
			isa = PBXGroup;
			children = (
				2CBB73D92B73395F003077DD /* Info.plist */,
				2CBB73A82B73335A003077DD /* RediExpressApp.swift */,
				2C73A2022B74E6FC00462EF8 /* document.pdf */,
				2CBB73BF2B733926003077DD /* Common */,
				2CBB73B62B7333E6003077DD /* Core */,
				2CBB73AC2B73335B003077DD /* Assets.xcassets */,
				2CBB73AE2B73335B003077DD /* Preview Content */,
			);
			path = RediExpress;
			sourceTree = "<group>";
		};
		2CBB73AE2B73335B003077DD /* Preview Content */ = {
			isa = PBXGroup;
			children = (
				2CBB73AF2B73335B003077DD /* Preview Assets.xcassets */,
			);
			path = "Preview Content";
			sourceTree = "<group>";
		};
		2CBB73B62B7333E6003077DD /* Core */ = {
			isa = PBXGroup;
			children = (
				2C27718A2B9370C600958F7D /* ChatRider */,
				2C261DD52B931720008378E8 /* Chats */,
				2CDC1E9E2B8239AC009A9DC0 /* DilevirySuccess */,
				2C9224022B81BBC500EE1BBB /* Wallet */,
				2CBB73B72B7333EC003077DD /* LaunchScreen */,
				2CBB73BB2B73383E003077DD /* Onboarding */,
				2CBCCBC22B7B2EFA00CD893A /* Transaction */,
				2CBCCBBE2B7A855C00CD893A /* TrackingPackage */,
				2CBCCBBA2B7A7FC500CD893A /* Receipt */,
				2CBCCBB22B7A6E4B00CD893A /* SendPackage */,
				2CBCCBAC2B7A698F00CD893A /* Notification */,
				2CBCCBA82B7A66A500CD893A /* AddPayment */,
				2CBCCBA02B7A301A00CD893A /* Profile */,
				2CBB73EE2B7340DE003077DD /* Holder */,
				2C73A1F62B74DC6100462EF8 /* SignUp */,
				2C73A21E2B74F1A900462EF8 /* LogInView */,
				2C73A2222B750FF100462EF8 /* ForgotPassword */,
				2C73A22F2B75173300462EF8 /* OTPVerification */,
				2C73A2332B751D2700462EF8 /* NewPassword */,
				2C73A2292B7511A000462EF8 /* Home */,
			);
			path = Core;
			sourceTree = "<group>";
		};
		2CBB73B72B7333EC003077DD /* LaunchScreen */ = {
			isa = PBXGroup;
			children = (
				2CBB73B82B7333F2003077DD /* Views */,
			);
			path = LaunchScreen;
			sourceTree = "<group>";
		};
		2CBB73B82B7333F2003077DD /* Views */ = {
			isa = PBXGroup;
			children = (
				2CBB73B92B7333FD003077DD /* LaunchScreen.storyboard */,
			);
			path = Views;
			sourceTree = "<group>";
		};
		2CBB73BB2B73383E003077DD /* Onboarding */ = {
			isa = PBXGroup;
			children = (
				2CBB73BC2B733849003077DD /* Views */,
				2CBB73EB2B73401B003077DD /* ViewModels */,
			);
			path = Onboarding;
			sourceTree = "<group>";
		};
		2CBB73BC2B733849003077DD /* Views */ = {
			isa = PBXGroup;
			children = (
				2CBB73BD2B73385C003077DD /* OnboardingView.swift */,
				2CBB73DA2B7339D1003077DD /* OnboardingTopView.swift */,
			);
			path = Views;
			sourceTree = "<group>";
		};
		2CBB73BF2B733926003077DD /* Common */ = {
			isa = PBXGroup;
			children = (
				2C73A20D2B74EFDC00462EF8 /* Utils */,
				2C73A1FA2B74DE3E00462EF8 /* Components */,
				2CBB73E82B733E5A003077DD /* Models */,
				2CBB73E52B733E45003077DD /* Enums */,
				2CBB73C02B73392C003077DD /* Fonts */,
				2CBB73DF2B733C23003077DD /* Styles */,
				2CBB73DC2B733A5A003077DD /* Extensions */,
			);
			path = Common;
			sourceTree = "<group>";
		};
		2CBB73C02B73392C003077DD /* Fonts */ = {
			isa = PBXGroup;
			children = (
				2CBB73C62B733948003077DD /* Roboto-Black.ttf */,
				2CBB73CC2B733949003077DD /* Roboto-BlackItalic.ttf */,
				2CBB73C42B733948003077DD /* Roboto-Bold.ttf */,
				2CBB73C92B733949003077DD /* Roboto-BoldItalic.ttf */,
				2CBB73C32B733948003077DD /* Roboto-Italic.ttf */,
				2CBB73CB2B733949003077DD /* Roboto-Light.ttf */,
				2CBB73C72B733948003077DD /* Roboto-LightItalic.ttf */,
				2CBB73C52B733948003077DD /* Roboto-Medium.ttf */,
				2CBB73C22B733948003077DD /* Roboto-MediumItalic.ttf */,
				2CBB73C82B733948003077DD /* Roboto-Regular.ttf */,
				2CBB73CA2B733949003077DD /* Roboto-Thin.ttf */,
				2CBB73C12B733948003077DD /* Roboto-ThinItalic.ttf */,
			);
			path = Fonts;
			sourceTree = "<group>";
		};
		2CBB73DC2B733A5A003077DD /* Extensions */ = {
			isa = PBXGroup;
			children = (
				2CBB73DD2B733A64003077DD /* View.swift */,
				2C73A2092B74E96600462EF8 /* String.swift */,
				2C73A20B2B74EE9F00462EF8 /* Binding.swift */,
				2C1F62ED2B7F950700C4096A /* UUID.swift */,
			);
			path = Extensions;
			sourceTree = "<group>";
		};
		2CBB73DF2B733C23003077DD /* Styles */ = {
			isa = PBXGroup;
			children = (
				2C73A1FD2B74DF5800462EF8 /* TextFieldStyles */,
				2CBB73E02B733C2A003077DD /* ButtonsStyles */,
			);
			path = Styles;
			sourceTree = "<group>";
		};
		2CBB73E02B733C2A003077DD /* ButtonsStyles */ = {
			isa = PBXGroup;
			children = (
				2CBB73E12B733C3C003077DD /* PrimaryButtonStyle.swift */,
				2CBB73E32B733D33003077DD /* SecondaryButtonStyle.swift */,
			);
			path = ButtonsStyles;
			sourceTree = "<group>";
		};
		2CBB73E52B733E45003077DD /* Enums */ = {
			isa = PBXGroup;
			children = (
				2CBB73E62B733E4E003077DD /* Constants.swift */,
				2CCD7C5E2B735280005A4A45 /* UserDefaultsKeys.swift */,
			);
			path = Enums;
			sourceTree = "<group>";
		};
		2CBB73E82B733E5A003077DD /* Models */ = {
			isa = PBXGroup;
			children = (
				2CBB73E92B733E67003077DD /* QueueItemModel.swift */,
				2CBCCBA62B7A4D9A00CD893A /* UserInfoModel.swift */,
				2CBCCBB82B7A7C9500CD893A /* PackageModel.swift */,
				2C261DDE2B932749008378E8 /* UserChatModel.swift */,
				2C1F62EB2B7F904700C4096A /* TransactionModel.swift */,
				2C261DDC2B9326BD008378E8 /* MessageModel.swift */,
				2C9224082B81CCA400EE1BBB /* OrderModel.swift */,
				2C92240A2B81FA7400EE1BBB /* StatusModel.swift */,
				2CDC1EA42B823EB5009A9DC0 /* FeedbackModel.swift */,
			);
			path = Models;
			sourceTree = "<group>";
		};
		2CBB73EB2B73401B003077DD /* ViewModels */ = {
			isa = PBXGroup;
			children = (
				2CBB73EC2B73402A003077DD /* ViewModel.swift */,
			);
			path = ViewModels;
			sourceTree = "<group>";
		};
		2CBB73EE2B7340DE003077DD /* Holder */ = {
			isa = PBXGroup;
			children = (
				2CBB73EF2B7340E2003077DD /* Views */,
			);
			path = Holder;
			sourceTree = "<group>";
		};
		2CBB73EF2B7340E2003077DD /* Views */ = {
			isa = PBXGroup;
			children = (
				2CBB73F02B7340EA003077DD /* HolderView.swift */,
			);
			path = Views;
			sourceTree = "<group>";
		};
		2CBB73F72B7341C3003077DD /* RediExpress_Tests */ = {
			isa = PBXGroup;
			children = (
				2CBB73F82B7341C3003077DD /* RediExpress_Tests.swift */,
				2CBB73FF2B7341EB003077DD /* OnboardingViewModel_Tests.swift */,
			);
			path = RediExpress_Tests;
			sourceTree = "<group>";
		};
		2CBCCBA02B7A301A00CD893A /* Profile */ = {
			isa = PBXGroup;
			children = (
				2CBCCBA12B7A302000CD893A /* Views */,
			);
			path = Profile;
			sourceTree = "<group>";
		};
		2CBCCBA12B7A302000CD893A /* Views */ = {
			isa = PBXGroup;
			children = (
				2CBCCBA22B7A302B00CD893A /* ProfileView.swift */,
			);
			path = Views;
			sourceTree = "<group>";
		};
		2CBCCBA82B7A66A500CD893A /* AddPayment */ = {
			isa = PBXGroup;
			children = (
				2CBCCBA92B7A66B400CD893A /* Views */,
			);
			path = AddPayment;
			sourceTree = "<group>";
		};
		2CBCCBA92B7A66B400CD893A /* Views */ = {
			isa = PBXGroup;
			children = (
				2CBCCBAA2B7A66C400CD893A /* AddPaymentView.swift */,
			);
			path = Views;
			sourceTree = "<group>";
		};
		2CBCCBAC2B7A698F00CD893A /* Notification */ = {
			isa = PBXGroup;
			children = (
				2CBCCBAD2B7A699A00CD893A /* Views */,
			);
			path = Notification;
			sourceTree = "<group>";
		};
		2CBCCBAD2B7A699A00CD893A /* Views */ = {
			isa = PBXGroup;
			children = (
				2CBCCBAE2B7A69A800CD893A /* NotificationView.swift */,
			);
			path = Views;
			sourceTree = "<group>";
		};
		2CBCCBB22B7A6E4B00CD893A /* SendPackage */ = {
			isa = PBXGroup;
			children = (
				2CBCCBB32B7A6E5300CD893A /* Views */,
			);
			path = SendPackage;
			sourceTree = "<group>";
		};
		2CBCCBB32B7A6E5300CD893A /* Views */ = {
			isa = PBXGroup;
			children = (
				2CBCCBB42B7A6E5F00CD893A /* SendPackage.swift */,
			);
			path = Views;
			sourceTree = "<group>";
		};
		2CBCCBBA2B7A7FC500CD893A /* Receipt */ = {
			isa = PBXGroup;
			children = (
				2CBCCBBB2B7A7FD800CD893A /* Views */,
			);
			path = Receipt;
			sourceTree = "<group>";
		};
		2CBCCBBB2B7A7FD800CD893A /* Views */ = {
			isa = PBXGroup;
			children = (
				2CBCCBBC2B7A7FE100CD893A /* ReceiptView.swift */,
			);
			path = Views;
			sourceTree = "<group>";
		};
		2CBCCBBE2B7A855C00CD893A /* TrackingPackage */ = {
			isa = PBXGroup;
			children = (
				2CDC1E9B2B822506009A9DC0 /* ViewModels */,
				2CBCCBBF2B7A856500CD893A /* Views */,
			);
			path = TrackingPackage;
			sourceTree = "<group>";
		};
		2CBCCBBF2B7A856500CD893A /* Views */ = {
			isa = PBXGroup;
			children = (
				2CBCCBC02B7A857000CD893A /* TrackingPackageView.swift */,
			);
			path = Views;
			sourceTree = "<group>";
		};
		2CBCCBC22B7B2EFA00CD893A /* Transaction */ = {
			isa = PBXGroup;
			children = (
				2CBCCBC32B7B2F0D00CD893A /* Views */,
			);
			path = Transaction;
			sourceTree = "<group>";
		};
		2CBCCBC32B7B2F0D00CD893A /* Views */ = {
			isa = PBXGroup;
			children = (
				2CBCCBC42B7B2F1A00CD893A /* TransactionView.swift */,
			);
			path = Views;
			sourceTree = "<group>";
		};
		2CDC1E9B2B822506009A9DC0 /* ViewModels */ = {
			isa = PBXGroup;
			children = (
				2CDC1E9C2B822516009A9DC0 /* TrackingViewModel.swift */,
			);
			path = ViewModels;
			sourceTree = "<group>";
		};
		2CDC1E9E2B8239AC009A9DC0 /* DilevirySuccess */ = {
			isa = PBXGroup;
			children = (
				2CDC1E9F2B8239B8009A9DC0 /* Views */,
			);
			path = DilevirySuccess;
			sourceTree = "<group>";
		};
		2CDC1E9F2B8239B8009A9DC0 /* Views */ = {
			isa = PBXGroup;
			children = (
				2CDC1EA02B8239C6009A9DC0 /* DeliverySuccessView.swift */,
			);
			path = Views;
			sourceTree = "<group>";
		};
/* End PBXGroup section */

/* Begin PBXNativeTarget section */
		2CBB73A42B73335A003077DD /* RediExpress */ = {
			isa = PBXNativeTarget;
			buildConfigurationList = 2CBB73B32B73335B003077DD /* Build configuration list for PBXNativeTarget "RediExpress" */;
			buildPhases = (
				2CBB73A12B73335A003077DD /* Sources */,
				2CBB73A22B73335A003077DD /* Frameworks */,
				2CBB73A32B73335A003077DD /* Resources */,
			);
			buildRules = (
			);
			dependencies = (
			);
			name = RediExpress;
			packageProductDependencies = (
				2C73A2122B74F01300462EF8 /* Auth */,
				2C73A2142B74F01300462EF8 /* Functions */,
				2C73A2162B74F01300462EF8 /* PostgREST */,
				2C73A2182B74F01300462EF8 /* Realtime */,
				2C73A21A2B74F01300462EF8 /* Storage */,
				2C73A21C2B74F01300462EF8 /* Supabase */,
			);
			productName = RediExpress;
			productReference = 2CBB73A52B73335A003077DD /* RediExpress.app */;
			productType = "com.apple.product-type.application";
		};
		2CBB73F52B7341C3003077DD /* RediExpress_Tests */ = {
			isa = PBXNativeTarget;
			buildConfigurationList = 2CBB73FC2B7341C3003077DD /* Build configuration list for PBXNativeTarget "RediExpress_Tests" */;
			buildPhases = (
				2CBB73F22B7341C3003077DD /* Sources */,
				2CBB73F32B7341C3003077DD /* Frameworks */,
				2CBB73F42B7341C3003077DD /* Resources */,
			);
			buildRules = (
			);
			dependencies = (
				2CBB73FB2B7341C3003077DD /* PBXTargetDependency */,
			);
			name = RediExpress_Tests;
			productName = RediExpress_Tests;
			productReference = 2CBB73F62B7341C3003077DD /* RediExpress_Tests.xctest */;
			productType = "com.apple.product-type.bundle.unit-test";
		};
/* End PBXNativeTarget section */

/* Begin PBXProject section */
		2CBB739D2B73335A003077DD /* Project object */ = {
			isa = PBXProject;
			attributes = {
				BuildIndependentTargetsInParallel = 1;
				LastSwiftUpdateCheck = 1520;
				LastUpgradeCheck = 1520;
				TargetAttributes = {
					2CBB73A42B73335A003077DD = {
						CreatedOnToolsVersion = 15.2;
					};
					2CBB73F52B7341C3003077DD = {
						CreatedOnToolsVersion = 15.2;
						TestTargetID = 2CBB73A42B73335A003077DD;
					};
				};
			};
			buildConfigurationList = 2CBB73A02B73335A003077DD /* Build configuration list for PBXProject "RediExpress" */;
			compatibilityVersion = "Xcode 14.0";
			developmentRegion = en;
			hasScannedForEncodings = 0;
			knownRegions = (
				en,
				Base,
			);
			mainGroup = 2CBB739C2B73335A003077DD;
			packageReferences = (
				2C73A2102B74EFFB00462EF8 /* XCRemoteSwiftPackageReference "supabase-swift" */,
			);
			productRefGroup = 2CBB73A62B73335A003077DD /* Products */;
			projectDirPath = "";
			projectRoot = "";
			targets = (
				2CBB73A42B73335A003077DD /* RediExpress */,
				2CBB73F52B7341C3003077DD /* RediExpress_Tests */,
			);
		};
/* End PBXProject section */

/* Begin PBXResourcesBuildPhase section */
		2CBB73A32B73335A003077DD /* Resources */ = {
			isa = PBXResourcesBuildPhase;
			buildActionMask = 2147483647;
			files = (
				2CBB73D12B733949003077DD /* Roboto-Medium.ttf in Resources */,
				2CBB73D42B733949003077DD /* Roboto-Regular.ttf in Resources */,
				2CBB73D02B733949003077DD /* Roboto-Bold.ttf in Resources */,
				2CBB73D32B733949003077DD /* Roboto-LightItalic.ttf in Resources */,
				2CBB73D72B733949003077DD /* Roboto-Light.ttf in Resources */,
				2CBB73CD2B733949003077DD /* Roboto-ThinItalic.ttf in Resources */,
				2CBB73CF2B733949003077DD /* Roboto-Italic.ttf in Resources */,
				2CBB73D82B733949003077DD /* Roboto-BlackItalic.ttf in Resources */,
				2CBB73D52B733949003077DD /* Roboto-BoldItalic.ttf in Resources */,
				2C73A2032B74E6FC00462EF8 /* document.pdf in Resources */,
				2CBB73CE2B733949003077DD /* Roboto-MediumItalic.ttf in Resources */,
				2CBB73D22B733949003077DD /* Roboto-Black.ttf in Resources */,
				2CBB73BA2B7333FD003077DD /* LaunchScreen.storyboard in Resources */,
				2CBB73B02B73335B003077DD /* Preview Assets.xcassets in Resources */,
				2CBB73D62B733949003077DD /* Roboto-Thin.ttf in Resources */,
				2CBB73AD2B73335B003077DD /* Assets.xcassets in Resources */,
			);
			runOnlyForDeploymentPostprocessing = 0;
		};
		2CBB73F42B7341C3003077DD /* Resources */ = {
			isa = PBXResourcesBuildPhase;
			buildActionMask = 2147483647;
			files = (
			);
			runOnlyForDeploymentPostprocessing = 0;
		};
/* End PBXResourcesBuildPhase section */

/* Begin PBXSourcesBuildPhase section */
		2CBB73A12B73335A003077DD /* Sources */ = {
			isa = PBXSourcesBuildPhase;
			buildActionMask = 2147483647;
			files = (
				2C261DDF2B932749008378E8 /* UserChatModel.swift in Sources */,
				2C73A1FC2B74DE5200462EF8 /* CustomTextField.swift in Sources */,
				2CBCCBA32B7A302B00CD893A /* ProfileView.swift in Sources */,
				2CBCCBB52B7A6E5F00CD893A /* SendPackage.swift in Sources */,
				2CBB73DE2B733A64003077DD /* View.swift in Sources */,
				2C73A2052B74E72E00462EF8 /* PoliticyPDFView.swift in Sources */,
				2CDC1EA12B8239C6009A9DC0 /* DeliverySuccessView.swift in Sources */,
				2CBB73ED2B73402A003077DD /* ViewModel.swift in Sources */,
				2CBB73F12B7340EA003077DD /* HolderView.swift in Sources */,
				2C73A1FF2B74DF6600462EF8 /* MainTextFieldStyle.swift in Sources */,
				2CBCCBAF2B7A69A800CD893A /* NotificationView.swift in Sources */,
				2CBCCBAB2B7A66C400CD893A /* AddPaymentView.swift in Sources */,
				2C9224092B81CCA400EE1BBB /* OrderModel.swift in Sources */,
				2C73A22E2B75128100462EF8 /* KeyChainManager.swift in Sources */,
				2C261DE12B93292C008378E8 /* ChatItemView.swift in Sources */,
				2CBCCBB72B7A6EE100CD893A /* ShadowTextFieldStyle.swift in Sources */,
				2CBB73E22B733C3C003077DD /* PrimaryButtonStyle.swift in Sources */,
				2C73A1F92B74DC7C00462EF8 /* SignUpView.swift in Sources */,
				2C27718D2B9370D600958F7D /* ChatRiderView.swift in Sources */,
				2C3CD8322B78ED1600DD472F /* NetworkMonitor.swift in Sources */,
				2CBB73BE2B73385C003077DD /* OnboardingView.swift in Sources */,
				2CDC1E9D2B822516009A9DC0 /* TrackingViewModel.swift in Sources */,
				2C73A20C2B74EE9F00462EF8 /* Binding.swift in Sources */,
				2CCD7C5F2B735280005A4A45 /* UserDefaultsKeys.swift in Sources */,
				2CBCCBC12B7A857000CD893A /* TrackingPackageView.swift in Sources */,
				2CDC1EA32B823CD8009A9DC0 /* DeviceMotionMonitor.swift in Sources */,
				2CDC1EA52B823EB5009A9DC0 /* FeedbackModel.swift in Sources */,
				2C2771912B93766E00958F7D /* ChatRiderViewModel.swift in Sources */,
				2C2771892B934C5D00958F7D /* ChatViewModel.swift in Sources */,
				2C261DD92B931746008378E8 /* ChatsView.swift in Sources */,
				2CBCCBA72B7A4D9A00CD893A /* UserInfoModel.swift in Sources */,
				2C73A2252B75100300462EF8 /* ForgotPasswordView.swift in Sources */,
				2C1F62EC2B7F904700C4096A /* TransactionModel.swift in Sources */,
				2C9224052B81BBD400EE1BBB /* WalletView.swift in Sources */,
				2CBB73A92B73335A003077DD /* RediExpressApp.swift in Sources */,
				2C73A20A2B74E96600462EF8 /* String.swift in Sources */,
				2C73A2322B75174B00462EF8 /* OTPVerificationView.swift in Sources */,
				2C92240B2B81FA7400EE1BBB /* StatusModel.swift in Sources */,
				2CBB73EA2B733E67003077DD /* QueueItemModel.swift in Sources */,
				2CBCCBC52B7B2F1A00CD893A /* TransactionView.swift in Sources */,
				2C73A2212B74F1BF00462EF8 /* LogInView.swift in Sources */,
				2C73A20F2B74EFEC00462EF8 /* SupabaseManager.swift in Sources */,
				2C261DDD2B9326BD008378E8 /* MessageModel.swift in Sources */,
				2CBB73E72B733E4E003077DD /* Constants.swift in Sources */,
				2CBB73E42B733D33003077DD /* SecondaryButtonStyle.swift in Sources */,
				2CBCCBB92B7A7C9500CD893A /* PackageModel.swift in Sources */,
				2CBB73DB2B7339D1003077DD /* OnboardingTopView.swift in Sources */,
				2C73A22C2B7511AE00462EF8 /* HomeView.swift in Sources */,
				2C73A2362B751D4900462EF8 /* NewPasswordView.swift in Sources */,
				2CBCCBBD2B7A7FE100CD893A /* ReceiptView.swift in Sources */,
				2C2771932B93866500958F7D /* LiveMessagesService.swift in Sources */,
				2C1F62EE2B7F950700C4096A /* UUID.swift in Sources */,
				2C73A2012B74E46900462EF8 /* CheckBox.swift in Sources */,
				2CBCCBC72B7B3B3900CD893A /* LocationManager.swift in Sources */,
				2CBCCBA52B7A305D00CD893A /* HeaderView.swift in Sources */,
			);
			runOnlyForDeploymentPostprocessing = 0;
		};
		2CBB73F22B7341C3003077DD /* Sources */ = {
			isa = PBXSourcesBuildPhase;
			buildActionMask = 2147483647;
			files = (
				2CBB73F92B7341C3003077DD /* RediExpress_Tests.swift in Sources */,
				2CBB74002B7341EB003077DD /* OnboardingViewModel_Tests.swift in Sources */,
			);
			runOnlyForDeploymentPostprocessing = 0;
		};
/* End PBXSourcesBuildPhase section */

/* Begin PBXTargetDependency section */
		2CBB73FB2B7341C3003077DD /* PBXTargetDependency */ = {
			isa = PBXTargetDependency;
			target = 2CBB73A42B73335A003077DD /* RediExpress */;
			targetProxy = 2CBB73FA2B7341C3003077DD /* PBXContainerItemProxy */;
		};
/* End PBXTargetDependency section */

/* Begin XCBuildConfiguration section */
		2CBB73B12B73335B003077DD /* Debug */ = {
			isa = XCBuildConfiguration;
			buildSettings = {
				ALWAYS_SEARCH_USER_PATHS = NO;
				ASSETCATALOG_COMPILER_GENERATE_SWIFT_ASSET_SYMBOL_EXTENSIONS = YES;
				CLANG_ANALYZER_NONNULL = YES;
				CLANG_ANALYZER_NUMBER_OBJECT_CONVERSION = YES_AGGRESSIVE;
				CLANG_CXX_LANGUAGE_STANDARD = "gnu++20";
				CLANG_ENABLE_MODULES = YES;
				CLANG_ENABLE_OBJC_ARC = YES;
				CLANG_ENABLE_OBJC_WEAK = YES;
				CLANG_WARN_BLOCK_CAPTURE_AUTORELEASING = YES;
				CLANG_WARN_BOOL_CONVERSION = YES;
				CLANG_WARN_COMMA = YES;
				CLANG_WARN_CONSTANT_CONVERSION = YES;
				CLANG_WARN_DEPRECATED_OBJC_IMPLEMENTATIONS = YES;
				CLANG_WARN_DIRECT_OBJC_ISA_USAGE = YES_ERROR;
				CLANG_WARN_DOCUMENTATION_COMMENTS = YES;
				CLANG_WARN_EMPTY_BODY = YES;
				CLANG_WARN_ENUM_CONVERSION = YES;
				CLANG_WARN_INFINITE_RECURSION = YES;
				CLANG_WARN_INT_CONVERSION = YES;
				CLANG_WARN_NON_LITERAL_NULL_CONVERSION = YES;
				CLANG_WARN_OBJC_IMPLICIT_RETAIN_SELF = YES;
				CLANG_WARN_OBJC_LITERAL_CONVERSION = YES;
				CLANG_WARN_OBJC_ROOT_CLASS = YES_ERROR;
				CLANG_WARN_QUOTED_INCLUDE_IN_FRAMEWORK_HEADER = YES;
				CLANG_WARN_RANGE_LOOP_ANALYSIS = YES;
				CLANG_WARN_STRICT_PROTOTYPES = YES;
				CLANG_WARN_SUSPICIOUS_MOVE = YES;
				CLANG_WARN_UNGUARDED_AVAILABILITY = YES_AGGRESSIVE;
				CLANG_WARN_UNREACHABLE_CODE = YES;
				CLANG_WARN__DUPLICATE_METHOD_MATCH = YES;
				COPY_PHASE_STRIP = NO;
				DEBUG_INFORMATION_FORMAT = dwarf;
				ENABLE_STRICT_OBJC_MSGSEND = YES;
				ENABLE_TESTABILITY = YES;
				ENABLE_USER_SCRIPT_SANDBOXING = YES;
				GCC_C_LANGUAGE_STANDARD = gnu17;
				GCC_DYNAMIC_NO_PIC = NO;
				GCC_NO_COMMON_BLOCKS = YES;
				GCC_OPTIMIZATION_LEVEL = 0;
				GCC_PREPROCESSOR_DEFINITIONS = (
					"DEBUG=1",
					"$(inherited)",
				);
				GCC_WARN_64_TO_32_BIT_CONVERSION = YES;
				GCC_WARN_ABOUT_RETURN_TYPE = YES_ERROR;
				GCC_WARN_UNDECLARED_SELECTOR = YES;
				GCC_WARN_UNINITIALIZED_AUTOS = YES_AGGRESSIVE;
				GCC_WARN_UNUSED_FUNCTION = YES;
				GCC_WARN_UNUSED_VARIABLE = YES;
				IPHONEOS_DEPLOYMENT_TARGET = 17.0;
				LOCALIZATION_PREFERS_STRING_CATALOGS = YES;
				MTL_ENABLE_DEBUG_INFO = INCLUDE_SOURCE;
				MTL_FAST_MATH = YES;
				ONLY_ACTIVE_ARCH = YES;
				SDKROOT = iphoneos;
				SWIFT_ACTIVE_COMPILATION_CONDITIONS = "DEBUG $(inherited)";
				SWIFT_OPTIMIZATION_LEVEL = "-Onone";
			};
			name = Debug;
		};
		2CBB73B22B73335B003077DD /* Release */ = {
			isa = XCBuildConfiguration;
			buildSettings = {
				ALWAYS_SEARCH_USER_PATHS = NO;
				ASSETCATALOG_COMPILER_GENERATE_SWIFT_ASSET_SYMBOL_EXTENSIONS = YES;
				CLANG_ANALYZER_NONNULL = YES;
				CLANG_ANALYZER_NUMBER_OBJECT_CONVERSION = YES_AGGRESSIVE;
				CLANG_CXX_LANGUAGE_STANDARD = "gnu++20";
				CLANG_ENABLE_MODULES = YES;
				CLANG_ENABLE_OBJC_ARC = YES;
				CLANG_ENABLE_OBJC_WEAK = YES;
				CLANG_WARN_BLOCK_CAPTURE_AUTORELEASING = YES;
				CLANG_WARN_BOOL_CONVERSION = YES;
				CLANG_WARN_COMMA = YES;
				CLANG_WARN_CONSTANT_CONVERSION = YES;
				CLANG_WARN_DEPRECATED_OBJC_IMPLEMENTATIONS = YES;
				CLANG_WARN_DIRECT_OBJC_ISA_USAGE = YES_ERROR;
				CLANG_WARN_DOCUMENTATION_COMMENTS = YES;
				CLANG_WARN_EMPTY_BODY = YES;
				CLANG_WARN_ENUM_CONVERSION = YES;
				CLANG_WARN_INFINITE_RECURSION = YES;
				CLANG_WARN_INT_CONVERSION = YES;
				CLANG_WARN_NON_LITERAL_NULL_CONVERSION = YES;
				CLANG_WARN_OBJC_IMPLICIT_RETAIN_SELF = YES;
				CLANG_WARN_OBJC_LITERAL_CONVERSION = YES;
				CLANG_WARN_OBJC_ROOT_CLASS = YES_ERROR;
				CLANG_WARN_QUOTED_INCLUDE_IN_FRAMEWORK_HEADER = YES;
				CLANG_WARN_RANGE_LOOP_ANALYSIS = YES;
				CLANG_WARN_STRICT_PROTOTYPES = YES;
				CLANG_WARN_SUSPICIOUS_MOVE = YES;
				CLANG_WARN_UNGUARDED_AVAILABILITY = YES_AGGRESSIVE;
				CLANG_WARN_UNREACHABLE_CODE = YES;
				CLANG_WARN__DUPLICATE_METHOD_MATCH = YES;
				COPY_PHASE_STRIP = NO;
				DEBUG_INFORMATION_FORMAT = "dwarf-with-dsym";
				ENABLE_NS_ASSERTIONS = NO;
				ENABLE_STRICT_OBJC_MSGSEND = YES;
				ENABLE_USER_SCRIPT_SANDBOXING = YES;
				GCC_C_LANGUAGE_STANDARD = gnu17;
				GCC_NO_COMMON_BLOCKS = YES;
				GCC_WARN_64_TO_32_BIT_CONVERSION = YES;
				GCC_WARN_ABOUT_RETURN_TYPE = YES_ERROR;
				GCC_WARN_UNDECLARED_SELECTOR = YES;
				GCC_WARN_UNINITIALIZED_AUTOS = YES_AGGRESSIVE;
				GCC_WARN_UNUSED_FUNCTION = YES;
				GCC_WARN_UNUSED_VARIABLE = YES;
				IPHONEOS_DEPLOYMENT_TARGET = 17.0;
				LOCALIZATION_PREFERS_STRING_CATALOGS = YES;
				MTL_ENABLE_DEBUG_INFO = NO;
				MTL_FAST_MATH = YES;
				SDKROOT = iphoneos;
				SWIFT_COMPILATION_MODE = wholemodule;
				VALIDATE_PRODUCT = YES;
			};
			name = Release;
		};
		2CBB73B42B73335B003077DD /* Debug */ = {
			isa = XCBuildConfiguration;
			buildSettings = {
				ASSETCATALOG_COMPILER_APPICON_NAME = AppIcon;
				ASSETCATALOG_COMPILER_GLOBAL_ACCENT_COLOR_NAME = AccentColor;
				CODE_SIGN_STYLE = Automatic;
				CURRENT_PROJECT_VERSION = 1;
				DEVELOPMENT_ASSET_PATHS = "\"RediExpress/Preview Content\"";
				DEVELOPMENT_TEAM = 3U7F2TKHLN;
				ENABLE_PREVIEWS = YES;
				GENERATE_INFOPLIST_FILE = YES;
				INFOPLIST_FILE = RediExpress/Info.plist;
				INFOPLIST_KEY_NSLocationAlwaysAndWhenInUseUsageDescription = "show user location";
				INFOPLIST_KEY_NSLocationAlwaysUsageDescription = "show user location";
				INFOPLIST_KEY_NSLocationWhenInUseUsageDescription = "show user location";
				INFOPLIST_KEY_UIApplicationSceneManifest_Generation = YES;
				INFOPLIST_KEY_UIApplicationSupportsIndirectInputEvents = YES;
				INFOPLIST_KEY_UILaunchScreen_Generation = YES;
				INFOPLIST_KEY_UILaunchStoryboardName = LaunchScreen.storyboard;
				INFOPLIST_KEY_UISupportedInterfaceOrientations_iPad = "UIInterfaceOrientationPortrait UIInterfaceOrientationPortraitUpsideDown UIInterfaceOrientationLandscapeLeft UIInterfaceOrientationLandscapeRight";
				INFOPLIST_KEY_UISupportedInterfaceOrientations_iPhone = "UIInterfaceOrientationPortrait UIInterfaceOrientationLandscapeLeft UIInterfaceOrientationLandscapeRight";
				IPHONEOS_DEPLOYMENT_TARGET = 15.0;
				LD_RUNPATH_SEARCH_PATHS = (
					"$(inherited)",
					"@executable_path/Frameworks",
				);
				MARKETING_VERSION = 1.0;
				PRODUCT_BUNDLE_IDENTIFIER = com.martynenkovadim.RediExpress;
				PRODUCT_NAME = "$(TARGET_NAME)";
				SWIFT_EMIT_LOC_STRINGS = YES;
				SWIFT_VERSION = 5.0;
				TARGETED_DEVICE_FAMILY = "1,2";
			};
			name = Debug;
		};
		2CBB73B52B73335B003077DD /* Release */ = {
			isa = XCBuildConfiguration;
			buildSettings = {
				ASSETCATALOG_COMPILER_APPICON_NAME = AppIcon;
				ASSETCATALOG_COMPILER_GLOBAL_ACCENT_COLOR_NAME = AccentColor;
				CODE_SIGN_STYLE = Automatic;
				CURRENT_PROJECT_VERSION = 1;
				DEVELOPMENT_ASSET_PATHS = "\"RediExpress/Preview Content\"";
				DEVELOPMENT_TEAM = 3U7F2TKHLN;
				ENABLE_PREVIEWS = YES;
				GENERATE_INFOPLIST_FILE = YES;
				INFOPLIST_FILE = RediExpress/Info.plist;
				INFOPLIST_KEY_NSLocationAlwaysAndWhenInUseUsageDescription = "show user location";
				INFOPLIST_KEY_NSLocationAlwaysUsageDescription = "show user location";
				INFOPLIST_KEY_NSLocationWhenInUseUsageDescription = "show user location";
				INFOPLIST_KEY_UIApplicationSceneManifest_Generation = YES;
				INFOPLIST_KEY_UIApplicationSupportsIndirectInputEvents = YES;
				INFOPLIST_KEY_UILaunchScreen_Generation = YES;
				INFOPLIST_KEY_UILaunchStoryboardName = LaunchScreen.storyboard;
				INFOPLIST_KEY_UISupportedInterfaceOrientations_iPad = "UIInterfaceOrientationPortrait UIInterfaceOrientationPortraitUpsideDown UIInterfaceOrientationLandscapeLeft UIInterfaceOrientationLandscapeRight";
				INFOPLIST_KEY_UISupportedInterfaceOrientations_iPhone = "UIInterfaceOrientationPortrait UIInterfaceOrientationLandscapeLeft UIInterfaceOrientationLandscapeRight";
				IPHONEOS_DEPLOYMENT_TARGET = 15.0;
				LD_RUNPATH_SEARCH_PATHS = (
					"$(inherited)",
					"@executable_path/Frameworks",
				);
				MARKETING_VERSION = 1.0;
				PRODUCT_BUNDLE_IDENTIFIER = com.martynenkovadim.RediExpress;
				PRODUCT_NAME = "$(TARGET_NAME)";
				SWIFT_EMIT_LOC_STRINGS = YES;
				SWIFT_VERSION = 5.0;
				TARGETED_DEVICE_FAMILY = "1,2";
			};
			name = Release;
		};
		2CBB73FD2B7341C3003077DD /* Debug */ = {
			isa = XCBuildConfiguration;
			buildSettings = {
				BUNDLE_LOADER = "$(TEST_HOST)";
				CODE_SIGN_STYLE = Automatic;
				CURRENT_PROJECT_VERSION = 1;
				DEVELOPMENT_TEAM = 3U7F2TKHLN;
				GENERATE_INFOPLIST_FILE = YES;
				IPHONEOS_DEPLOYMENT_TARGET = 17.0;
				MARKETING_VERSION = 1.0;
				PRODUCT_BUNDLE_IDENTIFIER = "com.martynenkovadim.RediExpress-Tests";
				PRODUCT_NAME = "$(TARGET_NAME)";
				SWIFT_EMIT_LOC_STRINGS = NO;
				SWIFT_VERSION = 5.0;
				TARGETED_DEVICE_FAMILY = "1,2";
				TEST_HOST = "$(BUILT_PRODUCTS_DIR)/RediExpress.app/$(BUNDLE_EXECUTABLE_FOLDER_PATH)/RediExpress";
			};
			name = Debug;
		};
		2CBB73FE2B7341C3003077DD /* Release */ = {
			isa = XCBuildConfiguration;
			buildSettings = {
				BUNDLE_LOADER = "$(TEST_HOST)";
				CODE_SIGN_STYLE = Automatic;
				CURRENT_PROJECT_VERSION = 1;
				DEVELOPMENT_TEAM = 3U7F2TKHLN;
				GENERATE_INFOPLIST_FILE = YES;
				IPHONEOS_DEPLOYMENT_TARGET = 17.0;
				MARKETING_VERSION = 1.0;
				PRODUCT_BUNDLE_IDENTIFIER = "com.martynenkovadim.RediExpress-Tests";
				PRODUCT_NAME = "$(TARGET_NAME)";
				SWIFT_EMIT_LOC_STRINGS = NO;
				SWIFT_VERSION = 5.0;
				TARGETED_DEVICE_FAMILY = "1,2";
				TEST_HOST = "$(BUILT_PRODUCTS_DIR)/RediExpress.app/$(BUNDLE_EXECUTABLE_FOLDER_PATH)/RediExpress";
			};
			name = Release;
		};
/* End XCBuildConfiguration section */

/* Begin XCConfigurationList section */
		2CBB73A02B73335A003077DD /* Build configuration list for PBXProject "RediExpress" */ = {
			isa = XCConfigurationList;
			buildConfigurations = (
				2CBB73B12B73335B003077DD /* Debug */,
				2CBB73B22B73335B003077DD /* Release */,
			);
			defaultConfigurationIsVisible = 0;
			defaultConfigurationName = Release;
		};
		2CBB73B32B73335B003077DD /* Build configuration list for PBXNativeTarget "RediExpress" */ = {
			isa = XCConfigurationList;
			buildConfigurations = (
				2CBB73B42B73335B003077DD /* Debug */,
				2CBB73B52B73335B003077DD /* Release */,
			);
			defaultConfigurationIsVisible = 0;
			defaultConfigurationName = Release;
		};
		2CBB73FC2B7341C3003077DD /* Build configuration list for PBXNativeTarget "RediExpress_Tests" */ = {
			isa = XCConfigurationList;
			buildConfigurations = (
				2CBB73FD2B7341C3003077DD /* Debug */,
				2CBB73FE2B7341C3003077DD /* Release */,
			);
			defaultConfigurationIsVisible = 0;
			defaultConfigurationName = Release;
		};
/* End XCConfigurationList section */

/* Begin XCRemoteSwiftPackageReference section */
		2C73A2102B74EFFB00462EF8 /* XCRemoteSwiftPackageReference "supabase-swift" */ = {
			isa = XCRemoteSwiftPackageReference;
			repositoryURL = "https://github.com/supabase-community/supabase-swift.git";
			requirement = {
				kind = upToNextMajorVersion;
				minimumVersion = 2.3.1;
			};
		};
/* End XCRemoteSwiftPackageReference section */

/* Begin XCSwiftPackageProductDependency section */
		2C73A2122B74F01300462EF8 /* Auth */ = {
			isa = XCSwiftPackageProductDependency;
			package = 2C73A2102B74EFFB00462EF8 /* XCRemoteSwiftPackageReference "supabase-swift" */;
			productName = Auth;
		};
		2C73A2142B74F01300462EF8 /* Functions */ = {
			isa = XCSwiftPackageProductDependency;
			package = 2C73A2102B74EFFB00462EF8 /* XCRemoteSwiftPackageReference "supabase-swift" */;
			productName = Functions;
		};
		2C73A2162B74F01300462EF8 /* PostgREST */ = {
			isa = XCSwiftPackageProductDependency;
			package = 2C73A2102B74EFFB00462EF8 /* XCRemoteSwiftPackageReference "supabase-swift" */;
			productName = PostgREST;
		};
		2C73A2182B74F01300462EF8 /* Realtime */ = {
			isa = XCSwiftPackageProductDependency;
			package = 2C73A2102B74EFFB00462EF8 /* XCRemoteSwiftPackageReference "supabase-swift" */;
			productName = Realtime;
		};
		2C73A21A2B74F01300462EF8 /* Storage */ = {
			isa = XCSwiftPackageProductDependency;
			package = 2C73A2102B74EFFB00462EF8 /* XCRemoteSwiftPackageReference "supabase-swift" */;
			productName = Storage;
		};
		2C73A21C2B74F01300462EF8 /* Supabase */ = {
			isa = XCSwiftPackageProductDependency;
			package = 2C73A2102B74EFFB00462EF8 /* XCRemoteSwiftPackageReference "supabase-swift" */;
			productName = Supabase;
		};
/* End XCSwiftPackageProductDependency section */
	};
	rootObject = 2CBB739D2B73335A003077DD /* Project object */;
}
